
Microsoft Visual Studio Solution File, Format Version 12.00
# Visual Studio 2015
Project("{FAE04EC0-301F-11D3-BF4B-00C04F79EFBC}") = "tilt-brush", "tilt-brush.csproj", "{438E82E2-1B76-37CF-1938-4A80A6998D6D}"
EndProject
Project("{FAE04EC0-301F-11D3-BF4B-00C04F79EFBC}") = "tilt-brush.Editor", "tilt-brush.Editor.csproj", "{8D1AAF15-ED4F-1CBC-2645-915A1B86858E}"
EndProject
Global
	GlobalSection(SolutionConfigurationPlatforms) = preSolution
		Debug|Any CPU = Debug|Any CPU
		Release|Any CPU = Release|Any CPU
	EndGlobalSection
	GlobalSection(ProjectConfigurationPlatforms) = postSolution
		{438E82E2-1B76-37CF-1938-4A80A6998D6D}.Debug|Any CPU.ActiveCfg = Debug|Any CPU
		{438E82E2-1B76-37CF-1938-4A80A6998D6D}.Debug|Any CPU.Build.0 = Debug|Any CPU
		{438E82E2-1B76-37CF-1938-4A80A6998D6D}.Release|Any CPU.ActiveCfg = Release|Any CPU
		{438E82E2-1B76-37CF-1938-4A80A6998D6D}.Release|Any CPU.Build.0 = Release|Any CPU
		{8D1AAF15-ED4F-1CBC-2645-915A1B86858E}.Debug|Any CPU.ActiveCfg = Debug|Any CPU
		{8D1AAF15-ED4F-1CBC-2645-915A1B86858E}.Debug|Any CPU.Build.0 = Debug|Any CPU
		{8D1AAF15-ED4F-1CBC-2645-915A1B86858E}.Release|Any CPU.ActiveCfg = Release|Any CPU
		{8D1AAF15-ED4F-1CBC-2645-915A1B86858E}.Release|Any CPU.Build.0 = Release|Any CPU
	EndGlobalSection
	GlobalSection(SolutionProperties) = preSolution
		HideSolutionNode = FALSE
	EndGlobalSection
EndGlobal
